
Microsoft Visual Studio Solution File, Format Version 12.00
# Visual Studio 15
VisualStudioVersion = 15.0.28307.168
MinimumVisualStudioVersion = 10.0.40219.1
Project("{FAE04EC0-301F-11D3-BF4B-00C04F79EFBC}") = "CourseProject", "CourseProject\CourseProject.csproj", "{B8D5F925-00B2-4406-BDD3-6F4F917F3C8B}"
EndProject
Project("{FAE04EC0-301F-11D3-BF4B-00C04F79EFBC}") = "LogicDll", "LogicDll\LogicDll.csproj", "{72789A15-01B1-48E1-A301-FD27CAE7785C}"
EndProject
Project("{FAE04EC0-301F-11D3-BF4B-00C04F79EFBC}") = "CourseProjectMVC", "CourseProjectMVC\CourseProjectMVC.csproj", "{F6EDED6E-C022-4A41-9413-BA70254A8435}"
EndProject
Project("{FAE04EC0-301F-11D3-BF4B-00C04F79EFBC}") = "CalculatorREST", "CalculatorREST\CalculatorREST.csproj", "{C102DEE5-9978-4E80-A703-5FAA413856CB}"
EndProject
Global
	GlobalSection(SolutionConfigurationPlatforms) = preSolution
		Debug|Any CPU = Debug|Any CPU
		Release|Any CPU = Release|Any CPU
	EndGlobalSection
	GlobalSection(ProjectConfigurationPlatforms) = postSolution
		{B8D5F925-00B2-4406-BDD3-6F4F917F3C8B}.Debug|Any CPU.ActiveCfg = Debug|Any CPU
		{B8D5F925-00B2-4406-BDD3-6F4F917F3C8B}.Debug|Any CPU.Build.0 = Debug|Any CPU
		{B8D5F925-00B2-4406-BDD3-6F4F917F3C8B}.Release|Any CPU.ActiveCfg = Release|Any CPU
		{B8D5F925-00B2-4406-BDD3-6F4F917F3C8B}.Release|Any CPU.Build.0 = Release|Any CPU
		{72789A15-01B1-48E1-A301-FD27CAE7785C}.Debug|Any CPU.ActiveCfg = Debug|Any CPU
		{72789A15-01B1-48E1-A301-FD27CAE7785C}.Debug|Any CPU.Build.0 = Debug|Any CPU
		{72789A15-01B1-48E1-A301-FD27CAE7785C}.Release|Any CPU.ActiveCfg = Release|Any CPU
		{72789A15-01B1-48E1-A301-FD27CAE7785C}.Release|Any CPU.Build.0 = Release|Any CPU
		{F6EDED6E-C022-4A41-9413-BA70254A8435}.Debug|Any CPU.ActiveCfg = Debug|Any CPU
		{F6EDED6E-C022-4A41-9413-BA70254A8435}.Debug|Any CPU.Build.0 = Debug|Any CPU
		{F6EDED6E-C022-4A41-9413-BA70254A8435}.Release|Any CPU.ActiveCfg = Release|Any CPU
		{F6EDED6E-C022-4A41-9413-BA70254A8435}.Release|Any CPU.Build.0 = Release|Any CPU
		{C102DEE5-9978-4E80-A703-5FAA413856CB}.Debug|Any CPU.ActiveCfg = Debug|Any CPU
		{C102DEE5-9978-4E80-A703-5FAA413856CB}.Debug|Any CPU.Build.0 = Debug|Any CPU
		{C102DEE5-9978-4E80-A703-5FAA413856CB}.Release|Any CPU.ActiveCfg = Release|Any CPU
		{C102DEE5-9978-4E80-A703-5FAA413856CB}.Release|Any CPU.Build.0 = Release|Any CPU
	EndGlobalSection
	GlobalSection(SolutionProperties) = preSolution
		HideSolutionNode = FALSE
	EndGlobalSection
	GlobalSection(ExtensibilityGlobals) = postSolution
		SolutionGuid = {BA7D02EF-D3C9-48C5-A3F8-037A55007E1A}
	EndGlobalSection
EndGlobal
